
Microsoft Visual Studio Solution File, Format Version 12.00
# Visual Studio Version 16
VisualStudioVersion = 16.0.29519.181
MinimumVisualStudioVersion = 10.0.40219.1
Project("{FAE04EC0-301F-11D3-BF4B-00C04F79EFBC}") = "01_strategy", "01_strategy\01_strategy.csproj", "{4EFB7C2B-199F-4281-9F86-88A399553C0E}"
EndProject
Project("{FAE04EC0-301F-11D3-BF4B-00C04F79EFBC}") = "02_state", "02_state\02_state.csproj", "{9ABCC354-612F-4402-AB62-52C8123DA09B}"
EndProject
Project("{FAE04EC0-301F-11D3-BF4B-00C04F79EFBC}") = "03_state_example", "03_state_example\03_state_example.csproj", "{F865705E-52A1-45EF-A17C-5EC0FDFB3F33}"
EndProject
Project("{FAE04EC0-301F-11D3-BF4B-00C04F79EFBC}") = "04_template_method", "04_template_method\04_template_method.csproj", "{2269012C-2032-48FC-BD2A-E1ECB37BAA76}"
EndProject
Project("{FAE04EC0-301F-11D3-BF4B-00C04F79EFBC}") = "05_chain_of_responsibility", "05_chain_of_responsibility\05_chain_of_responsibility.csproj", "{98A7CBDA-6C1A-4B19-8914-5CF1EEEB1ADE}"
EndProject
Project("{FAE04EC0-301F-11D3-BF4B-00C04F79EFBC}") = "06_chain_of_responsibility_example", "06_chain_of_responsibility_example\06_chain_of_responsibility_example.csproj", "{5D461263-9DB9-4545-9E51-D71F4699082F}"
EndProject
Project("{FAE04EC0-301F-11D3-BF4B-00C04F79EFBC}") = "07_command", "07_command\07_command.csproj", "{69D2A523-412A-47FA-93AE-EB4DD5B9A672}"
EndProject
Project("{FAE04EC0-301F-11D3-BF4B-00C04F79EFBC}") = "08_command(multireciever)", "08_command(multireciever)\08_command(multireciever).csproj", "{4284A3A5-4BD5-41F9-9F03-3F1DCDFBF26F}"
EndProject
Project("{FAE04EC0-301F-11D3-BF4B-00C04F79EFBC}") = "09_command_example", "09_command_example\09_command_example.csproj", "{3D11D0DA-2BBC-412E-934F-B1A4717DCD25}"
EndProject
Project("{FAE04EC0-301F-11D3-BF4B-00C04F79EFBC}") = "10_iterator(simple)", "10_iterator\10_iterator(simple).csproj", "{5BBA2F42-9AB3-45E5-BEE1-5BA507762832}"
EndProject
Project("{FAE04EC0-301F-11D3-BF4B-00C04F79EFBC}") = "11_iterator(linq)", "11_iterator(linq)\11_iterator(linq).csproj", "{921F0CB2-6499-4B96-ADA1-DB29A9CE819A}"
EndProject
Project("{FAE04EC0-301F-11D3-BF4B-00C04F79EFBC}") = "12_iterator_example", "12_iterator_example\12_iterator_example.csproj", "{DBDDC6BC-3E95-4FCC-93A1-781D8441871C}"
EndProject
Project("{FAE04EC0-301F-11D3-BF4B-00C04F79EFBC}") = "13_mediator", "13_mediator\13_mediator.csproj", "{B997A560-E6A5-4E1C-9246-A7CB8025645C}"
EndProject
Project("{FAE04EC0-301F-11D3-BF4B-00C04F79EFBC}") = "14_mediator_example", "14_mediator_example\14_mediator_example.csproj", "{5DF4A492-4CF5-40C4-9FFD-12E4AB3A881F}"
EndProject
Project("{FAE04EC0-301F-11D3-BF4B-00C04F79EFBC}") = "15_observer", "15_observer\15_observer.csproj", "{41D84305-1226-4402-86DE-595F39966CD1}"
EndProject
Project("{FAE04EC0-301F-11D3-BF4B-00C04F79EFBC}") = "16_observer_example", "16_observer_example\16_observer_example.csproj", "{2FD8DA7E-9CB9-4793-835D-CE11C4ACA065}"
EndProject
Project("{FAE04EC0-301F-11D3-BF4B-00C04F79EFBC}") = "17_visitor", "17_visitor\17_visitor.csproj", "{FF6E17EB-2093-4D71-BCB8-A3600F9208F3}"
EndProject
Project("{FAE04EC0-301F-11D3-BF4B-00C04F79EFBC}") = "18_visitor_example", "18_visitor_example\18_visitor_example.csproj", "{28D221AA-2C85-4403-9566-E1779C0708C6}"
EndProject
Project("{FAE04EC0-301F-11D3-BF4B-00C04F79EFBC}") = "19_interpreter", "19_interpreter\19_interpreter.csproj", "{403AA5B5-1EDB-437A-8F62-C0D8C77DFFFA}"
EndProject
Project("{FAE04EC0-301F-11D3-BF4B-00C04F79EFBC}") = "20_interpreter_example", "20_interpreter_example\20_interpreter_example.csproj", "{808C65A4-1EF1-4EBB-A75F-9A5C674F71F3}"
EndProject
Project("{FAE04EC0-301F-11D3-BF4B-00C04F79EFBC}") = "21_memento", "21_memento\21_memento.csproj", "{ED2C47A4-0E3C-45FB-8E20-12C4BC7266C3}"
EndProject
Project("{FAE04EC0-301F-11D3-BF4B-00C04F79EFBC}") = "22_memento_example", "22_memento_example\22_memento_example.csproj", "{4323332C-0182-4352-8FD9-49E03E890F2C}"
EndProject
Global
	GlobalSection(SolutionConfigurationPlatforms) = preSolution
		Debug|Any CPU = Debug|Any CPU
		Release|Any CPU = Release|Any CPU
	EndGlobalSection
	GlobalSection(ProjectConfigurationPlatforms) = postSolution
		{4EFB7C2B-199F-4281-9F86-88A399553C0E}.Debug|Any CPU.ActiveCfg = Debug|Any CPU
		{4EFB7C2B-199F-4281-9F86-88A399553C0E}.Debug|Any CPU.Build.0 = Debug|Any CPU
		{4EFB7C2B-199F-4281-9F86-88A399553C0E}.Release|Any CPU.ActiveCfg = Release|Any CPU
		{4EFB7C2B-199F-4281-9F86-88A399553C0E}.Release|Any CPU.Build.0 = Release|Any CPU
		{9ABCC354-612F-4402-AB62-52C8123DA09B}.Debug|Any CPU.ActiveCfg = Debug|Any CPU
		{9ABCC354-612F-4402-AB62-52C8123DA09B}.Debug|Any CPU.Build.0 = Debug|Any CPU
		{9ABCC354-612F-4402-AB62-52C8123DA09B}.Release|Any CPU.ActiveCfg = Release|Any CPU
		{9ABCC354-612F-4402-AB62-52C8123DA09B}.Release|Any CPU.Build.0 = Release|Any CPU
		{F865705E-52A1-45EF-A17C-5EC0FDFB3F33}.Debug|Any CPU.ActiveCfg = Debug|Any CPU
		{F865705E-52A1-45EF-A17C-5EC0FDFB3F33}.Debug|Any CPU.Build.0 = Debug|Any CPU
		{F865705E-52A1-45EF-A17C-5EC0FDFB3F33}.Release|Any CPU.ActiveCfg = Release|Any CPU
		{F865705E-52A1-45EF-A17C-5EC0FDFB3F33}.Release|Any CPU.Build.0 = Release|Any CPU
		{2269012C-2032-48FC-BD2A-E1ECB37BAA76}.Debug|Any CPU.ActiveCfg = Debug|Any CPU
		{2269012C-2032-48FC-BD2A-E1ECB37BAA76}.Debug|Any CPU.Build.0 = Debug|Any CPU
		{2269012C-2032-48FC-BD2A-E1ECB37BAA76}.Release|Any CPU.ActiveCfg = Release|Any CPU
		{2269012C-2032-48FC-BD2A-E1ECB37BAA76}.Release|Any CPU.Build.0 = Release|Any CPU
		{98A7CBDA-6C1A-4B19-8914-5CF1EEEB1ADE}.Debug|Any CPU.ActiveCfg = Debug|Any CPU
		{98A7CBDA-6C1A-4B19-8914-5CF1EEEB1ADE}.Debug|Any CPU.Build.0 = Debug|Any CPU
		{98A7CBDA-6C1A-4B19-8914-5CF1EEEB1ADE}.Release|Any CPU.ActiveCfg = Release|Any CPU
		{98A7CBDA-6C1A-4B19-8914-5CF1EEEB1ADE}.Release|Any CPU.Build.0 = Release|Any CPU
		{5D461263-9DB9-4545-9E51-D71F4699082F}.Debug|Any CPU.ActiveCfg = Debug|Any CPU
		{5D461263-9DB9-4545-9E51-D71F4699082F}.Debug|Any CPU.Build.0 = Debug|Any CPU
		{5D461263-9DB9-4545-9E51-D71F4699082F}.Release|Any CPU.ActiveCfg = Release|Any CPU
		{5D461263-9DB9-4545-9E51-D71F4699082F}.Release|Any CPU.Build.0 = Release|Any CPU
		{69D2A523-412A-47FA-93AE-EB4DD5B9A672}.Debug|Any CPU.ActiveCfg = Debug|Any CPU
		{69D2A523-412A-47FA-93AE-EB4DD5B9A672}.Debug|Any CPU.Build.0 = Debug|Any CPU
		{69D2A523-412A-47FA-93AE-EB4DD5B9A672}.Release|Any CPU.ActiveCfg = Release|Any CPU
		{69D2A523-412A-47FA-93AE-EB4DD5B9A672}.Release|Any CPU.Build.0 = Release|Any CPU
		{4284A3A5-4BD5-41F9-9F03-3F1DCDFBF26F}.Debug|Any CPU.ActiveCfg = Debug|Any CPU
		{4284A3A5-4BD5-41F9-9F03-3F1DCDFBF26F}.Debug|Any CPU.Build.0 = Debug|Any CPU
		{4284A3A5-4BD5-41F9-9F03-3F1DCDFBF26F}.Release|Any CPU.ActiveCfg = Release|Any CPU
		{4284A3A5-4BD5-41F9-9F03-3F1DCDFBF26F}.Release|Any CPU.Build.0 = Release|Any CPU
		{3D11D0DA-2BBC-412E-934F-B1A4717DCD25}.Debug|Any CPU.ActiveCfg = Debug|Any CPU
		{3D11D0DA-2BBC-412E-934F-B1A4717DCD25}.Debug|Any CPU.Build.0 = Debug|Any CPU
		{3D11D0DA-2BBC-412E-934F-B1A4717DCD25}.Release|Any CPU.ActiveCfg = Release|Any CPU
		{3D11D0DA-2BBC-412E-934F-B1A4717DCD25}.Release|Any CPU.Build.0 = Release|Any CPU
		{5BBA2F42-9AB3-45E5-BEE1-5BA507762832}.Debug|Any CPU.ActiveCfg = Debug|Any CPU
		{5BBA2F42-9AB3-45E5-BEE1-5BA507762832}.Debug|Any CPU.Build.0 = Debug|Any CPU
		{5BBA2F42-9AB3-45E5-BEE1-5BA507762832}.Release|Any CPU.ActiveCfg = Release|Any CPU
		{5BBA2F42-9AB3-45E5-BEE1-5BA507762832}.Release|Any CPU.Build.0 = Release|Any CPU
		{921F0CB2-6499-4B96-ADA1-DB29A9CE819A}.Debug|Any CPU.ActiveCfg = Debug|Any CPU
		{921F0CB2-6499-4B96-ADA1-DB29A9CE819A}.Debug|Any CPU.Build.0 = Debug|Any CPU
		{921F0CB2-6499-4B96-ADA1-DB29A9CE819A}.Release|Any CPU.ActiveCfg = Release|Any CPU
		{921F0CB2-6499-4B96-ADA1-DB29A9CE819A}.Release|Any CPU.Build.0 = Release|Any CPU
		{DBDDC6BC-3E95-4FCC-93A1-781D8441871C}.Debug|Any CPU.ActiveCfg = Debug|Any CPU
		{DBDDC6BC-3E95-4FCC-93A1-781D8441871C}.Debug|Any CPU.Build.0 = Debug|Any CPU
		{DBDDC6BC-3E95-4FCC-93A1-781D8441871C}.Release|Any CPU.ActiveCfg = Release|Any CPU
		{DBDDC6BC-3E95-4FCC-93A1-781D8441871C}.Release|Any CPU.Build.0 = Release|Any CPU
		{B997A560-E6A5-4E1C-9246-A7CB8025645C}.Debug|Any CPU.ActiveCfg = Debug|Any CPU
		{B997A560-E6A5-4E1C-9246-A7CB8025645C}.Debug|Any CPU.Build.0 = Debug|Any CPU
		{B997A560-E6A5-4E1C-9246-A7CB8025645C}.Release|Any CPU.ActiveCfg = Release|Any CPU
		{B997A560-E6A5-4E1C-9246-A7CB8025645C}.Release|Any CPU.Build.0 = Release|Any CPU
		{5DF4A492-4CF5-40C4-9FFD-12E4AB3A881F}.Debug|Any CPU.ActiveCfg = Debug|Any CPU
		{5DF4A492-4CF5-40C4-9FFD-12E4AB3A881F}.Debug|Any CPU.Build.0 = Debug|Any CPU
		{5DF4A492-4CF5-40C4-9FFD-12E4AB3A881F}.Release|Any CPU.ActiveCfg = Release|Any CPU
		{5DF4A492-4CF5-40C4-9FFD-12E4AB3A881F}.Release|Any CPU.Build.0 = Release|Any CPU
		{41D84305-1226-4402-86DE-595F39966CD1}.Debug|Any CPU.ActiveCfg = Debug|Any CPU
		{41D84305-1226-4402-86DE-595F39966CD1}.Debug|Any CPU.Build.0 = Debug|Any CPU
		{41D84305-1226-4402-86DE-595F39966CD1}.Release|Any CPU.ActiveCfg = Release|Any CPU
		{41D84305-1226-4402-86DE-595F39966CD1}.Release|Any CPU.Build.0 = Release|Any CPU
		{2FD8DA7E-9CB9-4793-835D-CE11C4ACA065}.Debug|Any CPU.ActiveCfg = Debug|Any CPU
		{2FD8DA7E-9CB9-4793-835D-CE11C4ACA065}.Debug|Any CPU.Build.0 = Debug|Any CPU
		{2FD8DA7E-9CB9-4793-835D-CE11C4ACA065}.Release|Any CPU.ActiveCfg = Release|Any CPU
		{2FD8DA7E-9CB9-4793-835D-CE11C4ACA065}.Release|Any CPU.Build.0 = Release|Any CPU
		{FF6E17EB-2093-4D71-BCB8-A3600F9208F3}.Debug|Any CPU.ActiveCfg = Debug|Any CPU
		{FF6E17EB-2093-4D71-BCB8-A3600F9208F3}.Debug|Any CPU.Build.0 = Debug|Any CPU
		{FF6E17EB-2093-4D71-BCB8-A3600F9208F3}.Release|Any CPU.ActiveCfg = Release|Any CPU
		{FF6E17EB-2093-4D71-BCB8-A3600F9208F3}.Release|Any CPU.Build.0 = Release|Any CPU
		{28D221AA-2C85-4403-9566-E1779C0708C6}.Debug|Any CPU.ActiveCfg = Debug|Any CPU
		{28D221AA-2C85-4403-9566-E1779C0708C6}.Debug|Any CPU.Build.0 = Debug|Any CPU
		{28D221AA-2C85-4403-9566-E1779C0708C6}.Release|Any CPU.ActiveCfg = Release|Any CPU
		{28D221AA-2C85-4403-9566-E1779C0708C6}.Release|Any CPU.Build.0 = Release|Any CPU
		{403AA5B5-1EDB-437A-8F62-C0D8C77DFFFA}.Debug|Any CPU.ActiveCfg = Debug|Any CPU
		{403AA5B5-1EDB-437A-8F62-C0D8C77DFFFA}.Debug|Any CPU.Build.0 = Debug|Any CPU
		{403AA5B5-1EDB-437A-8F62-C0D8C77DFFFA}.Release|Any CPU.ActiveCfg = Release|Any CPU
		{403AA5B5-1EDB-437A-8F62-C0D8C77DFFFA}.Release|Any CPU.Build.0 = Release|Any CPU
		{808C65A4-1EF1-4EBB-A75F-9A5C674F71F3}.Debug|Any CPU.ActiveCfg = Debug|Any CPU
		{808C65A4-1EF1-4EBB-A75F-9A5C674F71F3}.Debug|Any CPU.Build.0 = Debug|Any CPU
		{808C65A4-1EF1-4EBB-A75F-9A5C674F71F3}.Release|Any CPU.ActiveCfg = Release|Any CPU
		{808C65A4-1EF1-4EBB-A75F-9A5C674F71F3}.Release|Any CPU.Build.0 = Release|Any CPU
		{ED2C47A4-0E3C-45FB-8E20-12C4BC7266C3}.Debug|Any CPU.ActiveCfg = Debug|Any CPU
		{ED2C47A4-0E3C-45FB-8E20-12C4BC7266C3}.Debug|Any CPU.Build.0 = Debug|Any CPU
		{ED2C47A4-0E3C-45FB-8E20-12C4BC7266C3}.Release|Any CPU.ActiveCfg = Release|Any CPU
		{ED2C47A4-0E3C-45FB-8E20-12C4BC7266C3}.Release|Any CPU.Build.0 = Release|Any CPU
		{4323332C-0182-4352-8FD9-49E03E890F2C}.Debug|Any CPU.ActiveCfg = Debug|Any CPU
		{4323332C-0182-4352-8FD9-49E03E890F2C}.Debug|Any CPU.Build.0 = Debug|Any CPU
		{4323332C-0182-4352-8FD9-49E03E890F2C}.Release|Any CPU.ActiveCfg = Release|Any CPU
		{4323332C-0182-4352-8FD9-49E03E890F2C}.Release|Any CPU.Build.0 = Release|Any CPU
	EndGlobalSection
	GlobalSection(SolutionProperties) = preSolution
		HideSolutionNode = FALSE
	EndGlobalSection
	GlobalSection(ExtensibilityGlobals) = postSolution
		SolutionGuid = {13990531-69B0-43B7-892E-27C3FD9997A7}
	EndGlobalSection
EndGlobal
