
Microsoft Visual Studio Solution File, Format Version 12.00
# Visual Studio Version 16
VisualStudioVersion = 16.0.29519.181
MinimumVisualStudioVersion = 10.0.40219.1
Project("{FAE04EC0-301F-11D3-BF4B-00C04F79EFBC}") = "01_prototype", "01_prototype\01_prototype.csproj", "{908F4571-B4D4-41DF-B42F-96272690705D}"
EndProject
Project("{FAE04EC0-301F-11D3-BF4B-00C04F79EFBC}") = "02_factory_method", "02_factory_method\02_factory_method.csproj", "{16DBFB9D-FA84-4165-9B2D-0D55E9E11688}"
EndProject
Project("{FAE04EC0-301F-11D3-BF4B-00C04F79EFBC}") = "03_singleton", "03_singleton\03_singleton.csproj", "{C6932DA8-434A-4F80-83F2-7BB95363FD62}"
EndProject
Project("{FAE04EC0-301F-11D3-BF4B-00C04F79EFBC}") = "04_abstract_factory", "04_abstract_factory\04_abstract_factory.csproj", "{F832BC4F-07ED-4200-A334-D7531B36F9BE}"
EndProject
Project("{FAE04EC0-301F-11D3-BF4B-00C04F79EFBC}") = "05_builder", "05_builder\05_builder.csproj", "{BCFCCAD5-25D7-4E9C-8A4E-6B6431F04C9C}"
EndProject
Project("{FAE04EC0-301F-11D3-BF4B-00C04F79EFBC}") = "06_builder_example", "06_builder_example\06_builder_example.csproj", "{6143D829-5D1D-4DA6-A8BF-B1AF4077C329}"
EndProject
Global
	GlobalSection(SolutionConfigurationPlatforms) = preSolution
		Debug|Any CPU = Debug|Any CPU
		Release|Any CPU = Release|Any CPU
	EndGlobalSection
	GlobalSection(ProjectConfigurationPlatforms) = postSolution
		{908F4571-B4D4-41DF-B42F-96272690705D}.Debug|Any CPU.ActiveCfg = Debug|Any CPU
		{908F4571-B4D4-41DF-B42F-96272690705D}.Debug|Any CPU.Build.0 = Debug|Any CPU
		{908F4571-B4D4-41DF-B42F-96272690705D}.Release|Any CPU.ActiveCfg = Release|Any CPU
		{908F4571-B4D4-41DF-B42F-96272690705D}.Release|Any CPU.Build.0 = Release|Any CPU
		{16DBFB9D-FA84-4165-9B2D-0D55E9E11688}.Debug|Any CPU.ActiveCfg = Debug|Any CPU
		{16DBFB9D-FA84-4165-9B2D-0D55E9E11688}.Debug|Any CPU.Build.0 = Debug|Any CPU
		{16DBFB9D-FA84-4165-9B2D-0D55E9E11688}.Release|Any CPU.ActiveCfg = Release|Any CPU
		{16DBFB9D-FA84-4165-9B2D-0D55E9E11688}.Release|Any CPU.Build.0 = Release|Any CPU
		{C6932DA8-434A-4F80-83F2-7BB95363FD62}.Debug|Any CPU.ActiveCfg = Debug|Any CPU
		{C6932DA8-434A-4F80-83F2-7BB95363FD62}.Debug|Any CPU.Build.0 = Debug|Any CPU
		{C6932DA8-434A-4F80-83F2-7BB95363FD62}.Release|Any CPU.ActiveCfg = Release|Any CPU
		{C6932DA8-434A-4F80-83F2-7BB95363FD62}.Release|Any CPU.Build.0 = Release|Any CPU
		{F832BC4F-07ED-4200-A334-D7531B36F9BE}.Debug|Any CPU.ActiveCfg = Debug|Any CPU
		{F832BC4F-07ED-4200-A334-D7531B36F9BE}.Debug|Any CPU.Build.0 = Debug|Any CPU
		{F832BC4F-07ED-4200-A334-D7531B36F9BE}.Release|Any CPU.ActiveCfg = Release|Any CPU
		{F832BC4F-07ED-4200-A334-D7531B36F9BE}.Release|Any CPU.Build.0 = Release|Any CPU
		{BCFCCAD5-25D7-4E9C-8A4E-6B6431F04C9C}.Debug|Any CPU.ActiveCfg = Debug|Any CPU
		{BCFCCAD5-25D7-4E9C-8A4E-6B6431F04C9C}.Debug|Any CPU.Build.0 = Debug|Any CPU
		{BCFCCAD5-25D7-4E9C-8A4E-6B6431F04C9C}.Release|Any CPU.ActiveCfg = Release|Any CPU
		{BCFCCAD5-25D7-4E9C-8A4E-6B6431F04C9C}.Release|Any CPU.Build.0 = Release|Any CPU
		{6143D829-5D1D-4DA6-A8BF-B1AF4077C329}.Debug|Any CPU.ActiveCfg = Debug|Any CPU
		{6143D829-5D1D-4DA6-A8BF-B1AF4077C329}.Debug|Any CPU.Build.0 = Debug|Any CPU
		{6143D829-5D1D-4DA6-A8BF-B1AF4077C329}.Release|Any CPU.ActiveCfg = Release|Any CPU
		{6143D829-5D1D-4DA6-A8BF-B1AF4077C329}.Release|Any CPU.Build.0 = Release|Any CPU
	EndGlobalSection
	GlobalSection(SolutionProperties) = preSolution
		HideSolutionNode = FALSE
	EndGlobalSection
	GlobalSection(ExtensibilityGlobals) = postSolution
		SolutionGuid = {8DF2032E-FD8A-468A-8746-2FA55B301A0F}
	EndGlobalSection
EndGlobal
