
Microsoft Visual Studio Solution File, Format Version 12.00
# Visual Studio 15
VisualStudioVersion = 15.0.28307.902
MinimumVisualStudioVersion = 10.0.40219.1
Project("{FAE04EC0-301F-11D3-BF4B-00C04F79EFBC}") = "01_prototype", "01_prototype\01_prototype.csproj", "{908F4571-B4D4-41DF-B42F-96272690705D}"
EndProject
Global
	GlobalSection(SolutionConfigurationPlatforms) = preSolution
		Debug|Any CPU = Debug|Any CPU
		Release|Any CPU = Release|Any CPU
	EndGlobalSection
	GlobalSection(ProjectConfigurationPlatforms) = postSolution
		{908F4571-B4D4-41DF-B42F-96272690705D}.Debug|Any CPU.ActiveCfg = Debug|Any CPU
		{908F4571-B4D4-41DF-B42F-96272690705D}.Debug|Any CPU.Build.0 = Debug|Any CPU
		{908F4571-B4D4-41DF-B42F-96272690705D}.Release|Any CPU.ActiveCfg = Release|Any CPU
		{908F4571-B4D4-41DF-B42F-96272690705D}.Release|Any CPU.Build.0 = Release|Any CPU
	EndGlobalSection
	GlobalSection(SolutionProperties) = preSolution
		HideSolutionNode = FALSE
	EndGlobalSection
	GlobalSection(ExtensibilityGlobals) = postSolution
		SolutionGuid = {8DF2032E-FD8A-468A-8746-2FA55B301A0F}
	EndGlobalSection
EndGlobal
