
Microsoft Visual Studio Solution File, Format Version 12.00
# Visual Studio 15
VisualStudioVersion = 15.0.28307.902
MinimumVisualStudioVersion = 10.0.40219.1
Project("{FAE04EC0-301F-11D3-BF4B-00C04F79EFBC}") = "01_decorator", "01_decorator\01_decorator.csproj", "{A8CF6643-D9BA-447D-A93B-6A0DAAA76F79}"
EndProject
Project("{FAE04EC0-301F-11D3-BF4B-00C04F79EFBC}") = "02_decorator_example", "02_decorator_example\02_decorator_example.csproj", "{170E0FA0-D8A0-4D24-A131-2E979B300353}"
EndProject
Project("{FAE04EC0-301F-11D3-BF4B-00C04F79EFBC}") = "03_proxy", "03_proxy_(virtual)\03_proxy.csproj", "{17CADA36-059C-4127-B7BD-25F61CE1E607}"
EndProject
Project("{FAE04EC0-301F-11D3-BF4B-00C04F79EFBC}") = "04_proxy_example", "04_proxy_example\04_proxy_example.csproj", "{86D9A8FD-248E-423D-8915-27F0F615F5CD}"
EndProject
Project("{FAE04EC0-301F-11D3-BF4B-00C04F79EFBC}") = "05_bridge", "05_bridge\05_bridge.csproj", "{D520F398-5A68-4F35-A31E-3FE743CCE3A0}"
EndProject
Project("{FAE04EC0-301F-11D3-BF4B-00C04F79EFBC}") = "06_bridge_example", "06_bridge_example\06_bridge_example.csproj", "{3936FEB0-8172-4B6E-ABE6-B3D3C9449C01}"
EndProject
Project("{FAE04EC0-301F-11D3-BF4B-00C04F79EFBC}") = "07_composite", "07_composite\07_composite.csproj", "{B9205573-FFD4-4479-9536-C509D26B382F}"
EndProject
Project("{FAE04EC0-301F-11D3-BF4B-00C04F79EFBC}") = "08_flyweight", "08_flyweight\08_flyweight.csproj", "{5B96D011-C2EB-4CE8-97EA-7F8F02EC76E3}"
EndProject
Global
	GlobalSection(SolutionConfigurationPlatforms) = preSolution
		Debug|Any CPU = Debug|Any CPU
		Release|Any CPU = Release|Any CPU
	EndGlobalSection
	GlobalSection(ProjectConfigurationPlatforms) = postSolution
		{A8CF6643-D9BA-447D-A93B-6A0DAAA76F79}.Debug|Any CPU.ActiveCfg = Debug|Any CPU
		{A8CF6643-D9BA-447D-A93B-6A0DAAA76F79}.Debug|Any CPU.Build.0 = Debug|Any CPU
		{A8CF6643-D9BA-447D-A93B-6A0DAAA76F79}.Release|Any CPU.ActiveCfg = Release|Any CPU
		{A8CF6643-D9BA-447D-A93B-6A0DAAA76F79}.Release|Any CPU.Build.0 = Release|Any CPU
		{170E0FA0-D8A0-4D24-A131-2E979B300353}.Debug|Any CPU.ActiveCfg = Debug|Any CPU
		{170E0FA0-D8A0-4D24-A131-2E979B300353}.Debug|Any CPU.Build.0 = Debug|Any CPU
		{170E0FA0-D8A0-4D24-A131-2E979B300353}.Release|Any CPU.ActiveCfg = Release|Any CPU
		{170E0FA0-D8A0-4D24-A131-2E979B300353}.Release|Any CPU.Build.0 = Release|Any CPU
		{17CADA36-059C-4127-B7BD-25F61CE1E607}.Debug|Any CPU.ActiveCfg = Debug|Any CPU
		{17CADA36-059C-4127-B7BD-25F61CE1E607}.Debug|Any CPU.Build.0 = Debug|Any CPU
		{17CADA36-059C-4127-B7BD-25F61CE1E607}.Release|Any CPU.ActiveCfg = Release|Any CPU
		{17CADA36-059C-4127-B7BD-25F61CE1E607}.Release|Any CPU.Build.0 = Release|Any CPU
		{86D9A8FD-248E-423D-8915-27F0F615F5CD}.Debug|Any CPU.ActiveCfg = Debug|Any CPU
		{86D9A8FD-248E-423D-8915-27F0F615F5CD}.Debug|Any CPU.Build.0 = Debug|Any CPU
		{86D9A8FD-248E-423D-8915-27F0F615F5CD}.Release|Any CPU.ActiveCfg = Release|Any CPU
		{86D9A8FD-248E-423D-8915-27F0F615F5CD}.Release|Any CPU.Build.0 = Release|Any CPU
		{D520F398-5A68-4F35-A31E-3FE743CCE3A0}.Debug|Any CPU.ActiveCfg = Debug|Any CPU
		{D520F398-5A68-4F35-A31E-3FE743CCE3A0}.Debug|Any CPU.Build.0 = Debug|Any CPU
		{D520F398-5A68-4F35-A31E-3FE743CCE3A0}.Release|Any CPU.ActiveCfg = Release|Any CPU
		{D520F398-5A68-4F35-A31E-3FE743CCE3A0}.Release|Any CPU.Build.0 = Release|Any CPU
		{3936FEB0-8172-4B6E-ABE6-B3D3C9449C01}.Debug|Any CPU.ActiveCfg = Debug|Any CPU
		{3936FEB0-8172-4B6E-ABE6-B3D3C9449C01}.Debug|Any CPU.Build.0 = Debug|Any CPU
		{3936FEB0-8172-4B6E-ABE6-B3D3C9449C01}.Release|Any CPU.ActiveCfg = Release|Any CPU
		{3936FEB0-8172-4B6E-ABE6-B3D3C9449C01}.Release|Any CPU.Build.0 = Release|Any CPU
		{B9205573-FFD4-4479-9536-C509D26B382F}.Debug|Any CPU.ActiveCfg = Debug|Any CPU
		{B9205573-FFD4-4479-9536-C509D26B382F}.Debug|Any CPU.Build.0 = Debug|Any CPU
		{B9205573-FFD4-4479-9536-C509D26B382F}.Release|Any CPU.ActiveCfg = Release|Any CPU
		{B9205573-FFD4-4479-9536-C509D26B382F}.Release|Any CPU.Build.0 = Release|Any CPU
		{5B96D011-C2EB-4CE8-97EA-7F8F02EC76E3}.Debug|Any CPU.ActiveCfg = Debug|Any CPU
		{5B96D011-C2EB-4CE8-97EA-7F8F02EC76E3}.Debug|Any CPU.Build.0 = Debug|Any CPU
		{5B96D011-C2EB-4CE8-97EA-7F8F02EC76E3}.Release|Any CPU.ActiveCfg = Release|Any CPU
		{5B96D011-C2EB-4CE8-97EA-7F8F02EC76E3}.Release|Any CPU.Build.0 = Release|Any CPU
	EndGlobalSection
	GlobalSection(SolutionProperties) = preSolution
		HideSolutionNode = FALSE
	EndGlobalSection
	GlobalSection(ExtensibilityGlobals) = postSolution
		SolutionGuid = {D314C1E5-6055-4F1D-8333-97163F025537}
	EndGlobalSection
EndGlobal
