
Microsoft Visual Studio Solution File, Format Version 12.00
# Visual Studio 15
VisualStudioVersion = 15.0.28307.902
MinimumVisualStudioVersion = 10.0.40219.1
Project("{FAE04EC0-301F-11D3-BF4B-00C04F79EFBC}") = "01_decorator", "01_decorator\01_decorator.csproj", "{A8CF6643-D9BA-447D-A93B-6A0DAAA76F79}"
EndProject
Project("{FAE04EC0-301F-11D3-BF4B-00C04F79EFBC}") = "02_decorator_example", "02_decorator_example\02_decorator_example.csproj", "{170E0FA0-D8A0-4D24-A131-2E979B300353}"
EndProject
Global
	GlobalSection(SolutionConfigurationPlatforms) = preSolution
		Debug|Any CPU = Debug|Any CPU
		Release|Any CPU = Release|Any CPU
	EndGlobalSection
	GlobalSection(ProjectConfigurationPlatforms) = postSolution
		{A8CF6643-D9BA-447D-A93B-6A0DAAA76F79}.Debug|Any CPU.ActiveCfg = Debug|Any CPU
		{A8CF6643-D9BA-447D-A93B-6A0DAAA76F79}.Debug|Any CPU.Build.0 = Debug|Any CPU
		{A8CF6643-D9BA-447D-A93B-6A0DAAA76F79}.Release|Any CPU.ActiveCfg = Release|Any CPU
		{A8CF6643-D9BA-447D-A93B-6A0DAAA76F79}.Release|Any CPU.Build.0 = Release|Any CPU
		{170E0FA0-D8A0-4D24-A131-2E979B300353}.Debug|Any CPU.ActiveCfg = Debug|Any CPU
		{170E0FA0-D8A0-4D24-A131-2E979B300353}.Debug|Any CPU.Build.0 = Debug|Any CPU
		{170E0FA0-D8A0-4D24-A131-2E979B300353}.Release|Any CPU.ActiveCfg = Release|Any CPU
		{170E0FA0-D8A0-4D24-A131-2E979B300353}.Release|Any CPU.Build.0 = Release|Any CPU
	EndGlobalSection
	GlobalSection(SolutionProperties) = preSolution
		HideSolutionNode = FALSE
	EndGlobalSection
	GlobalSection(ExtensibilityGlobals) = postSolution
		SolutionGuid = {D314C1E5-6055-4F1D-8333-97163F025537}
	EndGlobalSection
EndGlobal
